
Microsoft Visual Studio Solution File, Format Version 12.00
# Visual Studio Version 17
VisualStudioVersion = 17.8.34525.116
MinimumVisualStudioVersion = 10.0.40219.1
Project("{FAE04EC0-301F-11D3-BF4B-00C04F79EFBC}") = "WebApplication1Servicio", "WebApplication1Servicio\WebApplication1Servicio.csproj", "{E5BCA591-9453-4A86-ACE0-A401C50447FC}"
EndProject
Project("{FAE04EC0-301F-11D3-BF4B-00C04F79EFBC}") = "ComercioLib", "ComercioLib\ComercioLib.csproj", "{010F3087-239D-4E53-AFED-8D3689D04B52}"
EndProject
Global
	GlobalSection(SolutionConfigurationPlatforms) = preSolution
		Debug|Any CPU = Debug|Any CPU
		Release|Any CPU = Release|Any CPU
	EndGlobalSection
	GlobalSection(ProjectConfigurationPlatforms) = postSolution
		{E5BCA591-9453-4A86-ACE0-A401C50447FC}.Debug|Any CPU.ActiveCfg = Debug|Any CPU
		{E5BCA591-9453-4A86-ACE0-A401C50447FC}.Debug|Any CPU.Build.0 = Debug|Any CPU
		{E5BCA591-9453-4A86-ACE0-A401C50447FC}.Release|Any CPU.ActiveCfg = Release|Any CPU
		{E5BCA591-9453-4A86-ACE0-A401C50447FC}.Release|Any CPU.Build.0 = Release|Any CPU
		{010F3087-239D-4E53-AFED-8D3689D04B52}.Debug|Any CPU.ActiveCfg = Debug|Any CPU
		{010F3087-239D-4E53-AFED-8D3689D04B52}.Debug|Any CPU.Build.0 = Debug|Any CPU
		{010F3087-239D-4E53-AFED-8D3689D04B52}.Release|Any CPU.ActiveCfg = Release|Any CPU
		{010F3087-239D-4E53-AFED-8D3689D04B52}.Release|Any CPU.Build.0 = Release|Any CPU
	EndGlobalSection
	GlobalSection(SolutionProperties) = preSolution
		HideSolutionNode = FALSE
	EndGlobalSection
	GlobalSection(ExtensibilityGlobals) = postSolution
		SolutionGuid = {B7C1D3CC-3C88-4EF8-A9E7-AD0CD70718CA}
	EndGlobalSection
EndGlobal
